
Microsoft Visual Studio Solution File, Format Version 12.00
# Visual Studio Version 17
VisualStudioVersion = 17.14.36511.14 d17.14
MinimumVisualStudioVersion = 10.0.40219.1
Project("{FAE04EC0-301F-11D3-BF4B-00C04F79EFBC}") = "WindowsFormsConection", "WindowsFormsConection\WindowsFormsConection.csproj", "{CA20A473-354A-433C-B2FA-87576874DC19}"
EndProject
Global
	GlobalSection(SolutionConfigurationPlatforms) = preSolution
		Debug|Any CPU = Debug|Any CPU
		Release|Any CPU = Release|Any CPU
	EndGlobalSection
	GlobalSection(ProjectConfigurationPlatforms) = postSolution
		{CA20A473-354A-433C-B2FA-87576874DC19}.Debug|Any CPU.ActiveCfg = Debug|Any CPU
		{CA20A473-354A-433C-B2FA-87576874DC19}.Debug|Any CPU.Build.0 = Debug|Any CPU
		{CA20A473-354A-433C-B2FA-87576874DC19}.Release|Any CPU.ActiveCfg = Release|Any CPU
		{CA20A473-354A-433C-B2FA-87576874DC19}.Release|Any CPU.Build.0 = Release|Any CPU
	EndGlobalSection
	GlobalSection(SolutionProperties) = preSolution
		HideSolutionNode = FALSE
	EndGlobalSection
	GlobalSection(ExtensibilityGlobals) = postSolution
		SolutionGuid = {182C36C8-81D6-4DA5-B8AF-E28C95E90759}
	EndGlobalSection
EndGlobal
